
Microsoft Visual Studio Solution File, Format Version 12.00
# Visual Studio Version 17
VisualStudioVersion = 17.8.34511.84
MinimumVisualStudioVersion = 10.0.40219.1
Project("{FAE04EC0-301F-11D3-BF4B-00C04F79EFBC}") = "Ajax", "Ajax\Ajax.csproj", "{555FBAEF-A910-4797-85CA-1879634D1970}"
EndProject
Global
	GlobalSection(SolutionConfigurationPlatforms) = preSolution
		Debug|Any CPU = Debug|Any CPU
		Release|Any CPU = Release|Any CPU
	EndGlobalSection
	GlobalSection(ProjectConfigurationPlatforms) = postSolution
		{555FBAEF-A910-4797-85CA-1879634D1970}.Debug|Any CPU.ActiveCfg = Debug|Any CPU
		{555FBAEF-A910-4797-85CA-1879634D1970}.Debug|Any CPU.Build.0 = Debug|Any CPU
		{555FBAEF-A910-4797-85CA-1879634D1970}.Release|Any CPU.ActiveCfg = Release|Any CPU
		{555FBAEF-A910-4797-85CA-1879634D1970}.Release|Any CPU.Build.0 = Release|Any CPU
	EndGlobalSection
	GlobalSection(SolutionProperties) = preSolution
		HideSolutionNode = FALSE
	EndGlobalSection
	GlobalSection(ExtensibilityGlobals) = postSolution
		SolutionGuid = {EC5BDE9C-5F4E-4927-ABD7-5FB4C074F15D}
	EndGlobalSection
EndGlobal
